
Microsoft Visual Studio Solution File, Format Version 12.00
# Visual Studio Version 16
VisualStudioVersion = 16.0.32901.82
MinimumVisualStudioVersion = 10.0.40219.1
Project("{FAE04EC0-301F-11D3-BF4B-00C04F79EFBC}") = "FutureNow FNIP", "FutureNow FNIP.csproj", "{22C5ED62-21F4-4AA1-97E5-7CC7C222F16E}"
EndProject
Global
	GlobalSection(SolutionConfigurationPlatforms) = preSolution
		Debug|Any CPU = Debug|Any CPU
		Release|Any CPU = Release|Any CPU
	EndGlobalSection
	GlobalSection(ProjectConfigurationPlatforms) = postSolution
		{22C5ED62-21F4-4AA1-97E5-7CC7C222F16E}.Debug|Any CPU.ActiveCfg = Debug|Any CPU
		{22C5ED62-21F4-4AA1-97E5-7CC7C222F16E}.Debug|Any CPU.Build.0 = Debug|Any CPU
		{22C5ED62-21F4-4AA1-97E5-7CC7C222F16E}.Release|Any CPU.ActiveCfg = Release|Any CPU
		{22C5ED62-21F4-4AA1-97E5-7CC7C222F16E}.Release|Any CPU.Build.0 = Release|Any CPU
	EndGlobalSection
	GlobalSection(SolutionProperties) = preSolution
		HideSolutionNode = FALSE
	EndGlobalSection
	GlobalSection(ExtensibilityGlobals) = postSolution
		SolutionGuid = {3E4A19B0-EC2C-46CC-8CF9-9687CFAFD490}
	EndGlobalSection
EndGlobal
